
Microsoft Visual Studio Solution File, Format Version 12.00
# Visual Studio Version 17
VisualStudioVersion = 17.7.34031.279
MinimumVisualStudioVersion = 10.0.40219.1
Project("{FAE04EC0-301F-11D3-BF4B-00C04F79EFBC}") = "Mynewproject", "Mynewproject\Mynewproject.csproj", "{208271F9-ED9F-4653-AC31-2696542298A7}"
EndProject
Project("{FAE04EC0-301F-11D3-BF4B-00C04F79EFBC}") = "apochinkeys", "apochinkeys\apochinkeys.csproj", "{CD9EA147-5592-4AE9-A51A-84481509F7E1}"
EndProject
Global
	GlobalSection(SolutionConfigurationPlatforms) = preSolution
		Debug|Any CPU = Debug|Any CPU
		Release|Any CPU = Release|Any CPU
	EndGlobalSection
	GlobalSection(ProjectConfigurationPlatforms) = postSolution
		{208271F9-ED9F-4653-AC31-2696542298A7}.Debug|Any CPU.ActiveCfg = Debug|Any CPU
		{208271F9-ED9F-4653-AC31-2696542298A7}.Debug|Any CPU.Build.0 = Debug|Any CPU
		{208271F9-ED9F-4653-AC31-2696542298A7}.Release|Any CPU.ActiveCfg = Release|Any CPU
		{208271F9-ED9F-4653-AC31-2696542298A7}.Release|Any CPU.Build.0 = Release|Any CPU
		{CD9EA147-5592-4AE9-A51A-84481509F7E1}.Debug|Any CPU.ActiveCfg = Debug|Any CPU
		{CD9EA147-5592-4AE9-A51A-84481509F7E1}.Debug|Any CPU.Build.0 = Debug|Any CPU
		{CD9EA147-5592-4AE9-A51A-84481509F7E1}.Release|Any CPU.ActiveCfg = Release|Any CPU
		{CD9EA147-5592-4AE9-A51A-84481509F7E1}.Release|Any CPU.Build.0 = Release|Any CPU
	EndGlobalSection
	GlobalSection(SolutionProperties) = preSolution
		HideSolutionNode = FALSE
	EndGlobalSection
	GlobalSection(ExtensibilityGlobals) = postSolution
		SolutionGuid = {2114C2C7-E4B2-49B5-A06B-147A81D62AC5}
	EndGlobalSection
EndGlobal
